// !$*UTF8*$!
{
	archiveVersion = 1;
	classes = {
	};
	objectVersion = 56;
	objects = {

/* Begin PBXBuildFile section */
		7130596B2A3641F400E80CF5 /* CustomEmojiPickerAppApp.swift in Sources */ = {isa = PBXBuildFile; fileRef = 7130596A2A3641F400E80CF5 /* CustomEmojiPickerAppApp.swift */; };
		7130596D2A3641F400E80CF5 /* ContentView.swift in Sources */ = {isa = PBXBuildFile; fileRef = 7130596C2A3641F400E80CF5 /* ContentView.swift */; };
		7130596F2A3641F500E80CF5 /* Assets.xcassets in Resources */ = {isa = PBXBuildFile; fileRef = 7130596E2A3641F500E80CF5 /* Assets.xcassets */; };
		713059722A3641F500E80CF5 /* Preview Assets.xcassets in Resources */ = {isa = PBXBuildFile; fileRef = 713059712A3641F500E80CF5 /* Preview Assets.xcassets */; };
		7130597C2A3641F500E80CF5 /* CustomEmojiPickerAppTests.swift in Sources */ = {isa = PBXBuildFile; fileRef = 7130597B2A3641F500E80CF5 /* CustomEmojiPickerAppTests.swift */; };
		713059862A3641F500E80CF5 /* CustomEmojiPickerAppUITests.swift in Sources */ = {isa = PBXBuildFile; fileRef = 713059852A3641F500E80CF5 /* CustomEmojiPickerAppUITests.swift */; };
		713059882A3641F500E80CF5 /* CustomEmojiPickerAppUITestsLaunchTests.swift in Sources */ = {isa = PBXBuildFile; fileRef = 713059872A3641F500E80CF5 /* CustomEmojiPickerAppUITestsLaunchTests.swift */; };
		718ED18C2A43614700DD2E1E /* Emoji Unicode.json in Resources */ = {isa = PBXBuildFile; fileRef = 718ED18B2A43614700DD2E1E /* Emoji Unicode.json */; };
		71BBA0A32A376FE0003A1405 /* EmojiDataSource.swift in Sources */ = {isa = PBXBuildFile; fileRef = 71BBA0A22A376FE0003A1405 /* EmojiDataSource.swift */; };
		71BBA0A52A377163003A1405 /* EmojiCategorySelectionView.swift in Sources */ = {isa = PBXBuildFile; fileRef = 71BBA0A42A377163003A1405 /* EmojiCategorySelectionView.swift */; };
		71BBA0A92A377E89003A1405 /* EmojiModel.swift in Sources */ = {isa = PBXBuildFile; fileRef = 71BBA0A82A377E89003A1405 /* EmojiModel.swift */; };
		71BBA0AB2A378A6A003A1405 /* EmojiPickerView.swift in Sources */ = {isa = PBXBuildFile; fileRef = 71BBA0AA2A378A6A003A1405 /* EmojiPickerView.swift */; };
		71E2FAAF2A3B58B500ECEEEE /* SearchbarView.swift in Sources */ = {isa = PBXBuildFile; fileRef = 71E2FAAE2A3B58B500ECEEEE /* SearchbarView.swift */; };
/* End PBXBuildFile section */

/* Begin PBXContainerItemProxy section */
		713059782A3641F500E80CF5 /* PBXContainerItemProxy */ = {
			isa = PBXContainerItemProxy;
			containerPortal = 7130595F2A3641F400E80CF5 /* Project object */;
			proxyType = 1;
			remoteGlobalIDString = 713059662A3641F400E80CF5;
			remoteInfo = CustomEmojiPickerApp;
		};
		713059822A3641F500E80CF5 /* PBXContainerItemProxy */ = {
			isa = PBXContainerItemProxy;
			containerPortal = 7130595F2A3641F400E80CF5 /* Project object */;
			proxyType = 1;
			remoteGlobalIDString = 713059662A3641F400E80CF5;
			remoteInfo = CustomEmojiPickerApp;
		};
/* End PBXContainerItemProxy section */

/* Begin PBXFileReference section */
		713059672A3641F400E80CF5 /* CustomEmojiPickerApp.app */ = {isa = PBXFileReference; explicitFileType = wrapper.application; includeInIndex = 0; path = CustomEmojiPickerApp.app; sourceTree = BUILT_PRODUCTS_DIR; };
		7130596A2A3641F400E80CF5 /* CustomEmojiPickerAppApp.swift */ = {isa = PBXFileReference; lastKnownFileType = sourcecode.swift; path = CustomEmojiPickerAppApp.swift; sourceTree = "<group>"; };
		7130596C2A3641F400E80CF5 /* ContentView.swift */ = {isa = PBXFileReference; lastKnownFileType = sourcecode.swift; path = ContentView.swift; sourceTree = "<group>"; };
		7130596E2A3641F500E80CF5 /* Assets.xcassets */ = {isa = PBXFileReference; lastKnownFileType = folder.assetcatalog; path = Assets.xcassets; sourceTree = "<group>"; };
		713059712A3641F500E80CF5 /* Preview Assets.xcassets */ = {isa = PBXFileReference; lastKnownFileType = folder.assetcatalog; path = "Preview Assets.xcassets"; sourceTree = "<group>"; };
		713059772A3641F500E80CF5 /* CustomEmojiPickerAppTests.xctest */ = {isa = PBXFileReference; explicitFileType = wrapper.cfbundle; includeInIndex = 0; path = CustomEmojiPickerAppTests.xctest; sourceTree = BUILT_PRODUCTS_DIR; };
		7130597B2A3641F500E80CF5 /* CustomEmojiPickerAppTests.swift */ = {isa = PBXFileReference; lastKnownFileType = sourcecode.swift; path = CustomEmojiPickerAppTests.swift; sourceTree = "<group>"; };
		713059812A3641F500E80CF5 /* CustomEmojiPickerAppUITests.xctest */ = {isa = PBXFileReference; explicitFileType = wrapper.cfbundle; includeInIndex = 0; path = CustomEmojiPickerAppUITests.xctest; sourceTree = BUILT_PRODUCTS_DIR; };
		713059852A3641F500E80CF5 /* CustomEmojiPickerAppUITests.swift */ = {isa = PBXFileReference; lastKnownFileType = sourcecode.swift; path = CustomEmojiPickerAppUITests.swift; sourceTree = "<group>"; };
		713059872A3641F500E80CF5 /* CustomEmojiPickerAppUITestsLaunchTests.swift */ = {isa = PBXFileReference; lastKnownFileType = sourcecode.swift; path = CustomEmojiPickerAppUITestsLaunchTests.swift; sourceTree = "<group>"; };
		718ED18B2A43614700DD2E1E /* Emoji Unicode.json */ = {isa = PBXFileReference; fileEncoding = 4; lastKnownFileType = text.json; path = "Emoji Unicode.json"; sourceTree = "<group>"; };
		71BBA0A22A376FE0003A1405 /* EmojiDataSource.swift */ = {isa = PBXFileReference; lastKnownFileType = sourcecode.swift; path = EmojiDataSource.swift; sourceTree = "<group>"; };
		71BBA0A42A377163003A1405 /* EmojiCategorySelectionView.swift */ = {isa = PBXFileReference; lastKnownFileType = sourcecode.swift; path = EmojiCategorySelectionView.swift; sourceTree = "<group>"; };
		71BBA0A82A377E89003A1405 /* EmojiModel.swift */ = {isa = PBXFileReference; lastKnownFileType = sourcecode.swift; path = EmojiModel.swift; sourceTree = "<group>"; };
		71BBA0AA2A378A6A003A1405 /* EmojiPickerView.swift */ = {isa = PBXFileReference; lastKnownFileType = sourcecode.swift; path = EmojiPickerView.swift; sourceTree = "<group>"; };
		71E2FAAE2A3B58B500ECEEEE /* SearchbarView.swift */ = {isa = PBXFileReference; lastKnownFileType = sourcecode.swift; path = SearchbarView.swift; sourceTree = "<group>"; };
/* End PBXFileReference section */

/* Begin PBXFrameworksBuildPhase section */
		713059642A3641F400E80CF5 /* Frameworks */ = {
			isa = PBXFrameworksBuildPhase;
			buildActionMask = 2147483647;
			files = (
			);
			runOnlyForDeploymentPostprocessing = 0;
		};
		713059742A3641F500E80CF5 /* Frameworks */ = {
			isa = PBXFrameworksBuildPhase;
			buildActionMask = 2147483647;
			files = (
			);
			runOnlyForDeploymentPostprocessing = 0;
		};
		7130597E2A3641F500E80CF5 /* Frameworks */ = {
			isa = PBXFrameworksBuildPhase;
			buildActionMask = 2147483647;
			files = (
			);
			runOnlyForDeploymentPostprocessing = 0;
		};
/* End PBXFrameworksBuildPhase section */

/* Begin PBXGroup section */
		7130595E2A3641F400E80CF5 = {
			isa = PBXGroup;
			children = (
				713059692A3641F400E80CF5 /* CustomEmojiPickerApp */,
				7130597A2A3641F500E80CF5 /* CustomEmojiPickerAppTests */,
				713059842A3641F500E80CF5 /* CustomEmojiPickerAppUITests */,
				713059682A3641F400E80CF5 /* Products */,
			);
			sourceTree = "<group>";
		};
		713059682A3641F400E80CF5 /* Products */ = {
			isa = PBXGroup;
			children = (
				713059672A3641F400E80CF5 /* CustomEmojiPickerApp.app */,
				713059772A3641F500E80CF5 /* CustomEmojiPickerAppTests.xctest */,
				713059812A3641F500E80CF5 /* CustomEmojiPickerAppUITests.xctest */,
			);
			name = Products;
			sourceTree = "<group>";
		};
		713059692A3641F400E80CF5 /* CustomEmojiPickerApp */ = {
			isa = PBXGroup;
			children = (
				714787572A3F57C0003B97CE /* Resource */,
				71BBA0A72A377D96003A1405 /* Components */,
				71BBA0A62A377D82003A1405 /* DataSource */,
				7130596A2A3641F400E80CF5 /* CustomEmojiPickerAppApp.swift */,
				7130596C2A3641F400E80CF5 /* ContentView.swift */,
				713059702A3641F500E80CF5 /* Preview Content */,
			);
			path = CustomEmojiPickerApp;
			sourceTree = "<group>";
		};
		713059702A3641F500E80CF5 /* Preview Content */ = {
			isa = PBXGroup;
			children = (
				713059712A3641F500E80CF5 /* Preview Assets.xcassets */,
			);
			path = "Preview Content";
			sourceTree = "<group>";
		};
		7130597A2A3641F500E80CF5 /* CustomEmojiPickerAppTests */ = {
			isa = PBXGroup;
			children = (
				7130597B2A3641F500E80CF5 /* CustomEmojiPickerAppTests.swift */,
			);
			path = CustomEmojiPickerAppTests;
			sourceTree = "<group>";
		};
		713059842A3641F500E80CF5 /* CustomEmojiPickerAppUITests */ = {
			isa = PBXGroup;
			children = (
				713059852A3641F500E80CF5 /* CustomEmojiPickerAppUITests.swift */,
				713059872A3641F500E80CF5 /* CustomEmojiPickerAppUITestsLaunchTests.swift */,
			);
			path = CustomEmojiPickerAppUITests;
			sourceTree = "<group>";
		};
		714787572A3F57C0003B97CE /* Resource */ = {
			isa = PBXGroup;
			children = (
				718ED18B2A43614700DD2E1E /* Emoji Unicode.json */,
				7130596E2A3641F500E80CF5 /* Assets.xcassets */,
			);
			path = Resource;
			sourceTree = "<group>";
		};
		71BBA0A62A377D82003A1405 /* DataSource */ = {
			isa = PBXGroup;
			children = (
				71BBA0A22A376FE0003A1405 /* EmojiDataSource.swift */,
				71BBA0A82A377E89003A1405 /* EmojiModel.swift */,
			);
			path = DataSource;
			sourceTree = "<group>";
		};
		71BBA0A72A377D96003A1405 /* Components */ = {
			isa = PBXGroup;
			children = (
				71BBA0A42A377163003A1405 /* EmojiCategorySelectionView.swift */,
				71BBA0AA2A378A6A003A1405 /* EmojiPickerView.swift */,
				71E2FAAE2A3B58B500ECEEEE /* SearchbarView.swift */,
			);
			path = Components;
			sourceTree = "<group>";
		};
/* End PBXGroup section */

/* Begin PBXNativeTarget section */
		713059662A3641F400E80CF5 /* CustomEmojiPickerApp */ = {
			isa = PBXNativeTarget;
			buildConfigurationList = 7130598B2A3641F500E80CF5 /* Build configuration list for PBXNativeTarget "CustomEmojiPickerApp" */;
			buildPhases = (
				713059632A3641F400E80CF5 /* Sources */,
				713059642A3641F400E80CF5 /* Frameworks */,
				713059652A3641F400E80CF5 /* Resources */,
			);
			buildRules = (
			);
			dependencies = (
			);
			name = CustomEmojiPickerApp;
			productName = CustomEmojiPickerApp;
			productReference = 713059672A3641F400E80CF5 /* CustomEmojiPickerApp.app */;
			productType = "com.apple.product-type.application";
		};
		713059762A3641F500E80CF5 /* CustomEmojiPickerAppTests */ = {
			isa = PBXNativeTarget;
			buildConfigurationList = 7130598E2A3641F500E80CF5 /* Build configuration list for PBXNativeTarget "CustomEmojiPickerAppTests" */;
			buildPhases = (
				713059732A3641F500E80CF5 /* Sources */,
				713059742A3641F500E80CF5 /* Frameworks */,
				713059752A3641F500E80CF5 /* Resources */,
			);
			buildRules = (
			);
			dependencies = (
				713059792A3641F500E80CF5 /* PBXTargetDependency */,
			);
			name = CustomEmojiPickerAppTests;
			productName = CustomEmojiPickerAppTests;
			productReference = 713059772A3641F500E80CF5 /* CustomEmojiPickerAppTests.xctest */;
			productType = "com.apple.product-type.bundle.unit-test";
		};
		713059802A3641F500E80CF5 /* CustomEmojiPickerAppUITests */ = {
			isa = PBXNativeTarget;
			buildConfigurationList = 713059912A3641F500E80CF5 /* Build configuration list for PBXNativeTarget "CustomEmojiPickerAppUITests" */;
			buildPhases = (
				7130597D2A3641F500E80CF5 /* Sources */,
				7130597E2A3641F500E80CF5 /* Frameworks */,
				7130597F2A3641F500E80CF5 /* Resources */,
			);
			buildRules = (
			);
			dependencies = (
				713059832A3641F500E80CF5 /* PBXTargetDependency */,
			);
			name = CustomEmojiPickerAppUITests;
			productName = CustomEmojiPickerAppUITests;
			productReference = 713059812A3641F500E80CF5 /* CustomEmojiPickerAppUITests.xctest */;
			productType = "com.apple.product-type.bundle.ui-testing";
		};
/* End PBXNativeTarget section */

/* Begin PBXProject section */
		7130595F2A3641F400E80CF5 /* Project object */ = {
			isa = PBXProject;
			attributes = {
				BuildIndependentTargetsInParallel = 1;
				LastSwiftUpdateCheck = 1430;
				LastUpgradeCheck = 1430;
				TargetAttributes = {
					713059662A3641F400E80CF5 = {
						CreatedOnToolsVersion = 14.3.1;
					};
					713059762A3641F500E80CF5 = {
						CreatedOnToolsVersion = 14.3.1;
						TestTargetID = 713059662A3641F400E80CF5;
					};
					713059802A3641F500E80CF5 = {
						CreatedOnToolsVersion = 14.3.1;
						TestTargetID = 713059662A3641F400E80CF5;
					};
				};
			};
			buildConfigurationList = 713059622A3641F400E80CF5 /* Build configuration list for PBXProject "CustomEmojiPickerApp" */;
			compatibilityVersion = "Xcode 14.0";
			developmentRegion = en;
			hasScannedForEncodings = 0;
			knownRegions = (
				en,
				Base,
			);
			mainGroup = 7130595E2A3641F400E80CF5;
			productRefGroup = 713059682A3641F400E80CF5 /* Products */;
			projectDirPath = "";
			projectRoot = "";
			targets = (
				713059662A3641F400E80CF5 /* CustomEmojiPickerApp */,
				713059762A3641F500E80CF5 /* CustomEmojiPickerAppTests */,
				713059802A3641F500E80CF5 /* CustomEmojiPickerAppUITests */,
			);
		};
/* End PBXProject section */

/* Begin PBXResourcesBuildPhase section */
		713059652A3641F400E80CF5 /* Resources */ = {
			isa = PBXResourcesBuildPhase;
			buildActionMask = 2147483647;
			files = (
				713059722A3641F500E80CF5 /* Preview Assets.xcassets in Resources */,
				7130596F2A3641F500E80CF5 /* Assets.xcassets in Resources */,
				718ED18C2A43614700DD2E1E /* Emoji Unicode.json in Resources */,
			);
			runOnlyForDeploymentPostprocessing = 0;
		};
		713059752A3641F500E80CF5 /* Resources */ = {
			isa = PBXResourcesBuildPhase;
			buildActionMask = 2147483647;
			files = (
			);
			runOnlyForDeploymentPostprocessing = 0;
		};
		7130597F2A3641F500E80CF5 /* Resources */ = {
			isa = PBXResourcesBuildPhase;
			buildActionMask = 2147483647;
			files = (
			);
			runOnlyForDeploymentPostprocessing = 0;
		};
/* End PBXResourcesBuildPhase section */

/* Begin PBXSourcesBuildPhase section */
		713059632A3641F400E80CF5 /* Sources */ = {
			isa = PBXSourcesBuildPhase;
			buildActionMask = 2147483647;
			files = (
				71BBA0A52A377163003A1405 /* EmojiCategorySelectionView.swift in Sources */,
				71BBA0A32A376FE0003A1405 /* EmojiDataSource.swift in Sources */,
				7130596D2A3641F400E80CF5 /* ContentView.swift in Sources */,
				71BBA0AB2A378A6A003A1405 /* EmojiPickerView.swift in Sources */,
				71BBA0A92A377E89003A1405 /* EmojiModel.swift in Sources */,
				71E2FAAF2A3B58B500ECEEEE /* SearchbarView.swift in Sources */,
				7130596B2A3641F400E80CF5 /* CustomEmojiPickerAppApp.swift in Sources */,
			);
			runOnlyForDeploymentPostprocessing = 0;
		};
		713059732A3641F500E80CF5 /* Sources */ = {
			isa = PBXSourcesBuildPhase;
			buildActionMask = 2147483647;
			files = (
				7130597C2A3641F500E80CF5 /* CustomEmojiPickerAppTests.swift in Sources */,
			);
			runOnlyForDeploymentPostprocessing = 0;
		};
		7130597D2A3641F500E80CF5 /* Sources */ = {
			isa = PBXSourcesBuildPhase;
			buildActionMask = 2147483647;
			files = (
				713059882A3641F500E80CF5 /* CustomEmojiPickerAppUITestsLaunchTests.swift in Sources */,
				713059862A3641F500E80CF5 /* CustomEmojiPickerAppUITests.swift in Sources */,
			);
			runOnlyForDeploymentPostprocessing = 0;
		};
/* End PBXSourcesBuildPhase section */

/* Begin PBXTargetDependency section */
		713059792A3641F500E80CF5 /* PBXTargetDependency */ = {
			isa = PBXTargetDependency;
			target = 713059662A3641F400E80CF5 /* CustomEmojiPickerApp */;
			targetProxy = 713059782A3641F500E80CF5 /* PBXContainerItemProxy */;
		};
		713059832A3641F500E80CF5 /* PBXTargetDependency */ = {
			isa = PBXTargetDependency;
			target = 713059662A3641F400E80CF5 /* CustomEmojiPickerApp */;
			targetProxy = 713059822A3641F500E80CF5 /* PBXContainerItemProxy */;
		};
/* End PBXTargetDependency section */

/* Begin XCBuildConfiguration section */
		713059892A3641F500E80CF5 /* Debug */ = {
			isa = XCBuildConfiguration;
			buildSettings = {
				ALWAYS_SEARCH_USER_PATHS = NO;
				CLANG_ANALYZER_NONNULL = YES;
				CLANG_ANALYZER_NUMBER_OBJECT_CONVERSION = YES_AGGRESSIVE;
				CLANG_CXX_LANGUAGE_STANDARD = "gnu++20";
				CLANG_ENABLE_MODULES = YES;
				CLANG_ENABLE_OBJC_ARC = YES;
				CLANG_ENABLE_OBJC_WEAK = YES;
				CLANG_WARN_BLOCK_CAPTURE_AUTORELEASING = YES;
				CLANG_WARN_BOOL_CONVERSION = YES;
				CLANG_WARN_COMMA = YES;
				CLANG_WARN_CONSTANT_CONVERSION = YES;
				CLANG_WARN_DEPRECATED_OBJC_IMPLEMENTATIONS = YES;
				CLANG_WARN_DIRECT_OBJC_ISA_USAGE = YES_ERROR;
				CLANG_WARN_DOCUMENTATION_COMMENTS = YES;
				CLANG_WARN_EMPTY_BODY = YES;
				CLANG_WARN_ENUM_CONVERSION = YES;
				CLANG_WARN_INFINITE_RECURSION = YES;
				CLANG_WARN_INT_CONVERSION = YES;
				CLANG_WARN_NON_LITERAL_NULL_CONVERSION = YES;
				CLANG_WARN_OBJC_IMPLICIT_RETAIN_SELF = YES;
				CLANG_WARN_OBJC_LITERAL_CONVERSION = YES;
				CLANG_WARN_OBJC_ROOT_CLASS = YES_ERROR;
				CLANG_WARN_QUOTED_INCLUDE_IN_FRAMEWORK_HEADER = YES;
				CLANG_WARN_RANGE_LOOP_ANALYSIS = YES;
				CLANG_WARN_STRICT_PROTOTYPES = YES;
				CLANG_WARN_SUSPICIOUS_MOVE = YES;
				CLANG_WARN_UNGUARDED_AVAILABILITY = YES_AGGRESSIVE;
				CLANG_WARN_UNREACHABLE_CODE = YES;
				CLANG_WARN__DUPLICATE_METHOD_MATCH = YES;
				COPY_PHASE_STRIP = NO;
				DEBUG_INFORMATION_FORMAT = dwarf;
				ENABLE_STRICT_OBJC_MSGSEND = YES;
				ENABLE_TESTABILITY = YES;
				GCC_C_LANGUAGE_STANDARD = gnu11;
				GCC_DYNAMIC_NO_PIC = NO;
				GCC_NO_COMMON_BLOCKS = YES;
				GCC_OPTIMIZATION_LEVEL = 0;
				GCC_PREPROCESSOR_DEFINITIONS = (
					"DEBUG=1",
					"$(inherited)",
				);
				GCC_WARN_64_TO_32_BIT_CONVERSION = YES;
				GCC_WARN_ABOUT_RETURN_TYPE = YES_ERROR;
				GCC_WARN_UNDECLARED_SELECTOR = YES;
				GCC_WARN_UNINITIALIZED_AUTOS = YES_AGGRESSIVE;
				GCC_WARN_UNUSED_FUNCTION = YES;
				GCC_WARN_UNUSED_VARIABLE = YES;
				IPHONEOS_DEPLOYMENT_TARGET = 16.4;
				MTL_ENABLE_DEBUG_INFO = INCLUDE_SOURCE;
				MTL_FAST_MATH = YES;
				ONLY_ACTIVE_ARCH = YES;
				SDKROOT = iphoneos;
				SWIFT_ACTIVE_COMPILATION_CONDITIONS = DEBUG;
				SWIFT_OPTIMIZATION_LEVEL = "-Onone";
			};
			name = Debug;
		};
		7130598A2A3641F500E80CF5 /* Release */ = {
			isa = XCBuildConfiguration;
			buildSettings = {
				ALWAYS_SEARCH_USER_PATHS = NO;
				CLANG_ANALYZER_NONNULL = YES;
				CLANG_ANALYZER_NUMBER_OBJECT_CONVERSION = YES_AGGRESSIVE;
				CLANG_CXX_LANGUAGE_STANDARD = "gnu++20";
				CLANG_ENABLE_MODULES = YES;
				CLANG_ENABLE_OBJC_ARC = YES;
				CLANG_ENABLE_OBJC_WEAK = YES;
				CLANG_WARN_BLOCK_CAPTURE_AUTORELEASING = YES;
				CLANG_WARN_BOOL_CONVERSION = YES;
				CLANG_WARN_COMMA = YES;
				CLANG_WARN_CONSTANT_CONVERSION = YES;
				CLANG_WARN_DEPRECATED_OBJC_IMPLEMENTATIONS = YES;
				CLANG_WARN_DIRECT_OBJC_ISA_USAGE = YES_ERROR;
				CLANG_WARN_DOCUMENTATION_COMMENTS = YES;
				CLANG_WARN_EMPTY_BODY = YES;
				CLANG_WARN_ENUM_CONVERSION = YES;
				CLANG_WARN_INFINITE_RECURSION = YES;
				CLANG_WARN_INT_CONVERSION = YES;
				CLANG_WARN_NON_LITERAL_NULL_CONVERSION = YES;
				CLANG_WARN_OBJC_IMPLICIT_RETAIN_SELF = YES;
				CLANG_WARN_OBJC_LITERAL_CONVERSION = YES;
				CLANG_WARN_OBJC_ROOT_CLASS = YES_ERROR;
				CLANG_WARN_QUOTED_INCLUDE_IN_FRAMEWORK_HEADER = YES;
				CLANG_WARN_RANGE_LOOP_ANALYSIS = YES;
				CLANG_WARN_STRICT_PROTOTYPES = YES;
				CLANG_WARN_SUSPICIOUS_MOVE = YES;
				CLANG_WARN_UNGUARDED_AVAILABILITY = YES_AGGRESSIVE;
				CLANG_WARN_UNREACHABLE_CODE = YES;
				CLANG_WARN__DUPLICATE_METHOD_MATCH = YES;
				COPY_PHASE_STRIP = NO;
				DEBUG_INFORMATION_FORMAT = "dwarf-with-dsym";
				ENABLE_NS_ASSERTIONS = NO;
				ENABLE_STRICT_OBJC_MSGSEND = YES;
				GCC_C_LANGUAGE_STANDARD = gnu11;
				GCC_NO_COMMON_BLOCKS = YES;
				GCC_WARN_64_TO_32_BIT_CONVERSION = YES;
				GCC_WARN_ABOUT_RETURN_TYPE = YES_ERROR;
				GCC_WARN_UNDECLARED_SELECTOR = YES;
				GCC_WARN_UNINITIALIZED_AUTOS = YES_AGGRESSIVE;
				GCC_WARN_UNUSED_FUNCTION = YES;
				GCC_WARN_UNUSED_VARIABLE = YES;
				IPHONEOS_DEPLOYMENT_TARGET = 16.4;
				MTL_ENABLE_DEBUG_INFO = NO;
				MTL_FAST_MATH = YES;
				SDKROOT = iphoneos;
				SWIFT_COMPILATION_MODE = wholemodule;
				SWIFT_OPTIMIZATION_LEVEL = "-O";
				VALIDATE_PRODUCT = YES;
			};
			name = Release;
		};
		7130598C2A3641F500E80CF5 /* Debug */ = {
			isa = XCBuildConfiguration;
			buildSettings = {
				ASSETCATALOG_COMPILER_APPICON_NAME = AppIcon;
				ASSETCATALOG_COMPILER_GLOBAL_ACCENT_COLOR_NAME = AccentColor;
				CODE_SIGN_STYLE = Automatic;
				CURRENT_PROJECT_VERSION = 1;
				DEVELOPMENT_ASSET_PATHS = "\"CustomEmojiPickerApp/Preview Content\"";
				DEVELOPMENT_TEAM = 5QKQYBS38P;
				ENABLE_PREVIEWS = YES;
				GENERATE_INFOPLIST_FILE = YES;
				INFOPLIST_KEY_CFBundleDisplayName = EmojiPicker;
				INFOPLIST_KEY_UIApplicationSceneManifest_Generation = YES;
				INFOPLIST_KEY_UIApplicationSupportsIndirectInputEvents = YES;
				INFOPLIST_KEY_UILaunchScreen_Generation = YES;
				INFOPLIST_KEY_UISupportedInterfaceOrientations_iPad = "UIInterfaceOrientationPortrait UIInterfaceOrientationPortraitUpsideDown UIInterfaceOrientationLandscapeLeft UIInterfaceOrientationLandscapeRight";
				INFOPLIST_KEY_UISupportedInterfaceOrientations_iPhone = "UIInterfaceOrientationPortrait UIInterfaceOrientationLandscapeLeft UIInterfaceOrientationLandscapeRight";
				IPHONEOS_DEPLOYMENT_TARGET = 16.0;
				LD_RUNPATH_SEARCH_PATHS = (
					"$(inherited)",
					"@executable_path/Frameworks",
				);
				MARKETING_VERSION = 1.0;
				PRODUCT_BUNDLE_IDENTIFIER = com.sayeed.CustomEmojiPickerApp;
				PRODUCT_NAME = "$(TARGET_NAME)";
				SWIFT_EMIT_LOC_STRINGS = YES;
				SWIFT_VERSION = 5.0;
				TARGETED_DEVICE_FAMILY = "1,2";
			};
			name = Debug;
		};
		7130598D2A3641F500E80CF5 /* Release */ = {
			isa = XCBuildConfiguration;
			buildSettings = {
				ASSETCATALOG_COMPILER_APPICON_NAME = AppIcon;
				ASSETCATALOG_COMPILER_GLOBAL_ACCENT_COLOR_NAME = AccentColor;
				CODE_SIGN_STYLE = Automatic;
				CURRENT_PROJECT_VERSION = 1;
				DEVELOPMENT_ASSET_PATHS = "\"CustomEmojiPickerApp/Preview Content\"";
				DEVELOPMENT_TEAM = 5QKQYBS38P;
				ENABLE_PREVIEWS = YES;
				GENERATE_INFOPLIST_FILE = YES;
				INFOPLIST_KEY_CFBundleDisplayName = EmojiPicker;
				INFOPLIST_KEY_UIApplicationSceneManifest_Generation = YES;
				INFOPLIST_KEY_UIApplicationSupportsIndirectInputEvents = YES;
				INFOPLIST_KEY_UILaunchScreen_Generation = YES;
				INFOPLIST_KEY_UISupportedInterfaceOrientations_iPad = "UIInterfaceOrientationPortrait UIInterfaceOrientationPortraitUpsideDown UIInterfaceOrientationLandscapeLeft UIInterfaceOrientationLandscapeRight";
				INFOPLIST_KEY_UISupportedInterfaceOrientations_iPhone = "UIInterfaceOrientationPortrait UIInterfaceOrientationLandscapeLeft UIInterfaceOrientationLandscapeRight";
				IPHONEOS_DEPLOYMENT_TARGET = 16.0;
				LD_RUNPATH_SEARCH_PATHS = (
					"$(inherited)",
					"@executable_path/Frameworks",
				);
				MARKETING_VERSION = 1.0;
				PRODUCT_BUNDLE_IDENTIFIER = com.sayeed.CustomEmojiPickerApp;
				PRODUCT_NAME = "$(TARGET_NAME)";
				SWIFT_EMIT_LOC_STRINGS = YES;
				SWIFT_VERSION = 5.0;
				TARGETED_DEVICE_FAMILY = "1,2";
			};
			name = Release;
		};
		7130598F2A3641F500E80CF5 /* Debug */ = {
			isa = XCBuildConfiguration;
			buildSettings = {
				ALWAYS_EMBED_SWIFT_STANDARD_LIBRARIES = YES;
				BUNDLE_LOADER = "$(TEST_HOST)";
				CODE_SIGN_STYLE = Automatic;
				CURRENT_PROJECT_VERSION = 1;
				DEVELOPMENT_TEAM = 5QKQYBS38P;
				GENERATE_INFOPLIST_FILE = YES;
				IPHONEOS_DEPLOYMENT_TARGET = 16.4;
				MARKETING_VERSION = 1.0;
				PRODUCT_BUNDLE_IDENTIFIER = com.sayeed.CustomEmojiPickerAppTests;
				PRODUCT_NAME = "$(TARGET_NAME)";
				SWIFT_EMIT_LOC_STRINGS = NO;
				SWIFT_VERSION = 5.0;
				TARGETED_DEVICE_FAMILY = "1,2";
				TEST_HOST = "$(BUILT_PRODUCTS_DIR)/CustomEmojiPickerApp.app/$(BUNDLE_EXECUTABLE_FOLDER_PATH)/CustomEmojiPickerApp";
			};
			name = Debug;
		};
		713059902A3641F500E80CF5 /* Release */ = {
			isa = XCBuildConfiguration;
			buildSettings = {
				ALWAYS_EMBED_SWIFT_STANDARD_LIBRARIES = YES;
				BUNDLE_LOADER = "$(TEST_HOST)";
				CODE_SIGN_STYLE = Automatic;
				CURRENT_PROJECT_VERSION = 1;
				DEVELOPMENT_TEAM = 5QKQYBS38P;
				GENERATE_INFOPLIST_FILE = YES;
				IPHONEOS_DEPLOYMENT_TARGET = 16.4;
				MARKETING_VERSION = 1.0;
				PRODUCT_BUNDLE_IDENTIFIER = com.sayeed.CustomEmojiPickerAppTests;
				PRODUCT_NAME = "$(TARGET_NAME)";
				SWIFT_EMIT_LOC_STRINGS = NO;
				SWIFT_VERSION = 5.0;
				TARGETED_DEVICE_FAMILY = "1,2";
				TEST_HOST = "$(BUILT_PRODUCTS_DIR)/CustomEmojiPickerApp.app/$(BUNDLE_EXECUTABLE_FOLDER_PATH)/CustomEmojiPickerApp";
			};
			name = Release;
		};
		713059922A3641F500E80CF5 /* Debug */ = {
			isa = XCBuildConfiguration;
			buildSettings = {
				ALWAYS_EMBED_SWIFT_STANDARD_LIBRARIES = YES;
				CODE_SIGN_STYLE = Automatic;
				CURRENT_PROJECT_VERSION = 1;
				DEVELOPMENT_TEAM = 5QKQYBS38P;
				GENERATE_INFOPLIST_FILE = YES;
				MARKETING_VERSION = 1.0;
				PRODUCT_BUNDLE_IDENTIFIER = com.sayeed.CustomEmojiPickerAppUITests;
				PRODUCT_NAME = "$(TARGET_NAME)";
				SWIFT_EMIT_LOC_STRINGS = NO;
				SWIFT_VERSION = 5.0;
				TARGETED_DEVICE_FAMILY = "1,2";
				TEST_TARGET_NAME = CustomEmojiPickerApp;
			};
			name = Debug;
		};
		713059932A3641F500E80CF5 /* Release */ = {
			isa = XCBuildConfiguration;
			buildSettings = {
				ALWAYS_EMBED_SWIFT_STANDARD_LIBRARIES = YES;
				CODE_SIGN_STYLE = Automatic;
				CURRENT_PROJECT_VERSION = 1;
				DEVELOPMENT_TEAM = 5QKQYBS38P;
				GENERATE_INFOPLIST_FILE = YES;
				MARKETING_VERSION = 1.0;
				PRODUCT_BUNDLE_IDENTIFIER = com.sayeed.CustomEmojiPickerAppUITests;
				PRODUCT_NAME = "$(TARGET_NAME)";
				SWIFT_EMIT_LOC_STRINGS = NO;
				SWIFT_VERSION = 5.0;
				TARGETED_DEVICE_FAMILY = "1,2";
				TEST_TARGET_NAME = CustomEmojiPickerApp;
			};
			name = Release;
		};
/* End XCBuildConfiguration section */

/* Begin XCConfigurationList section */
		713059622A3641F400E80CF5 /* Build configuration list for PBXProject "CustomEmojiPickerApp" */ = {
			isa = XCConfigurationList;
			buildConfigurations = (
				713059892A3641F500E80CF5 /* Debug */,
				7130598A2A3641F500E80CF5 /* Release */,
			);
			defaultConfigurationIsVisible = 0;
			defaultConfigurationName = Release;
		};
		7130598B2A3641F500E80CF5 /* Build configuration list for PBXNativeTarget "CustomEmojiPickerApp" */ = {
			isa = XCConfigurationList;
			buildConfigurations = (
				7130598C2A3641F500E80CF5 /* Debug */,
				7130598D2A3641F500E80CF5 /* Release */,
			);
			defaultConfigurationIsVisible = 0;
			defaultConfigurationName = Release;
		};
		7130598E2A3641F500E80CF5 /* Build configuration list for PBXNativeTarget "CustomEmojiPickerAppTests" */ = {
			isa = XCConfigurationList;
			buildConfigurations = (
				7130598F2A3641F500E80CF5 /* Debug */,
				713059902A3641F500E80CF5 /* Release */,
			);
			defaultConfigurationIsVisible = 0;
			defaultConfigurationName = Release;
		};
		713059912A3641F500E80CF5 /* Build configuration list for PBXNativeTarget "CustomEmojiPickerAppUITests" */ = {
			isa = XCConfigurationList;
			buildConfigurations = (
				713059922A3641F500E80CF5 /* Debug */,
				713059932A3641F500E80CF5 /* Release */,
			);
			defaultConfigurationIsVisible = 0;
			defaultConfigurationName = Release;
		};
/* End XCConfigurationList section */
	};
	rootObject = 7130595F2A3641F400E80CF5 /* Project object */;
}
